
Microsoft Visual Studio Solution File, Format Version 12.00
# Visual Studio Version 17
VisualStudioVersion = 17.12.35506.116 d17.12
MinimumVisualStudioVersion = 10.0.40219.1
Project("{FAE04EC0-301F-11D3-BF4B-00C04F79EFBC}") = "CapaDatos", "GestionUniversitaria\CapaDatos.csproj", "{4695B9B3-1366-4999-A1B8-57243F4F758B}"
EndProject
Project("{FAE04EC0-301F-11D3-BF4B-00C04F79EFBC}") = "CapaNegocio", "CapaNegocio\CapaNegocio.csproj", "{FE26A5E7-9852-4B18-9607-BCF9475D9F0D}"
EndProject
Project("{FAE04EC0-301F-11D3-BF4B-00C04F79EFBC}") = "CapaPresentacion", "CapaPresentacion\CapaPresentacion.csproj", "{65E79AE2-B4FA-4500-BA71-CBC1EA224352}"
EndProject
Global
	GlobalSection(SolutionConfigurationPlatforms) = preSolution
		Debug|Any CPU = Debug|Any CPU
		Release|Any CPU = Release|Any CPU
	EndGlobalSection
	GlobalSection(ProjectConfigurationPlatforms) = postSolution
		{4695B9B3-1366-4999-A1B8-57243F4F758B}.Debug|Any CPU.ActiveCfg = Debug|Any CPU
		{4695B9B3-1366-4999-A1B8-57243F4F758B}.Debug|Any CPU.Build.0 = Debug|Any CPU
		{4695B9B3-1366-4999-A1B8-57243F4F758B}.Release|Any CPU.ActiveCfg = Release|Any CPU
		{4695B9B3-1366-4999-A1B8-57243F4F758B}.Release|Any CPU.Build.0 = Release|Any CPU
		{FE26A5E7-9852-4B18-9607-BCF9475D9F0D}.Debug|Any CPU.ActiveCfg = Debug|Any CPU
		{FE26A5E7-9852-4B18-9607-BCF9475D9F0D}.Debug|Any CPU.Build.0 = Debug|Any CPU
		{FE26A5E7-9852-4B18-9607-BCF9475D9F0D}.Release|Any CPU.ActiveCfg = Release|Any CPU
		{FE26A5E7-9852-4B18-9607-BCF9475D9F0D}.Release|Any CPU.Build.0 = Release|Any CPU
		{65E79AE2-B4FA-4500-BA71-CBC1EA224352}.Debug|Any CPU.ActiveCfg = Debug|Any CPU
		{65E79AE2-B4FA-4500-BA71-CBC1EA224352}.Debug|Any CPU.Build.0 = Debug|Any CPU
		{65E79AE2-B4FA-4500-BA71-CBC1EA224352}.Release|Any CPU.ActiveCfg = Release|Any CPU
		{65E79AE2-B4FA-4500-BA71-CBC1EA224352}.Release|Any CPU.Build.0 = Release|Any CPU
	EndGlobalSection
	GlobalSection(SolutionProperties) = preSolution
		HideSolutionNode = FALSE
	EndGlobalSection
EndGlobal
